
Microsoft Visual Studio Solution File, Format Version 12.00
# Visual Studio Version 17
VisualStudioVersion = 17.5.33502.453
MinimumVisualStudioVersion = 10.0.40219.1
Project("{FAE04EC0-301F-11D3-BF4B-00C04F79EFBC}") = "PacktLibrary", "PacktLibrary\PacktLibrary.csproj", "{97F20A12-8F6B-4A40-AD45-1E0A90FBCA38}"
EndProject
Project("{FAE04EC0-301F-11D3-BF4B-00C04F79EFBC}") = "PeopleApp", "PeopleApp\PeopleApp.csproj", "{40DFCF3C-97F1-42FC-81D4-F62AA7BEF3FF}"
EndProject
Global
	GlobalSection(SolutionConfigurationPlatforms) = preSolution
		Debug|Any CPU = Debug|Any CPU
		Release|Any CPU = Release|Any CPU
	EndGlobalSection
	GlobalSection(ProjectConfigurationPlatforms) = postSolution
		{97F20A12-8F6B-4A40-AD45-1E0A90FBCA38}.Debug|Any CPU.ActiveCfg = Debug|Any CPU
		{97F20A12-8F6B-4A40-AD45-1E0A90FBCA38}.Debug|Any CPU.Build.0 = Debug|Any CPU
		{97F20A12-8F6B-4A40-AD45-1E0A90FBCA38}.Release|Any CPU.ActiveCfg = Release|Any CPU
		{97F20A12-8F6B-4A40-AD45-1E0A90FBCA38}.Release|Any CPU.Build.0 = Release|Any CPU
		{40DFCF3C-97F1-42FC-81D4-F62AA7BEF3FF}.Debug|Any CPU.ActiveCfg = Debug|Any CPU
		{40DFCF3C-97F1-42FC-81D4-F62AA7BEF3FF}.Debug|Any CPU.Build.0 = Debug|Any CPU
		{40DFCF3C-97F1-42FC-81D4-F62AA7BEF3FF}.Release|Any CPU.ActiveCfg = Release|Any CPU
		{40DFCF3C-97F1-42FC-81D4-F62AA7BEF3FF}.Release|Any CPU.Build.0 = Release|Any CPU
	EndGlobalSection
	GlobalSection(SolutionProperties) = preSolution
		HideSolutionNode = FALSE
	EndGlobalSection
	GlobalSection(ExtensibilityGlobals) = postSolution
		SolutionGuid = {111C1692-59AC-42C2-B56C-52FD1632CC9A}
	EndGlobalSection
EndGlobal
