
Microsoft Visual Studio Solution File, Format Version 12.00
# Visual Studio Version 17
VisualStudioVersion = 17.5.33502.453
MinimumVisualStudioVersion = 10.0.40219.1
Project("{FAE04EC0-301F-11D3-BF4B-00C04F79EFBC}") = "Recap_ConsoleApp", "Recap_ConsoleApp\Recap_ConsoleApp.csproj", "{05CABC15-E0E3-46A4-8441-22DAAA760C7A}"
EndProject
Project("{FAE04EC0-301F-11D3-BF4B-00C04F79EFBC}") = "Recap_Library", "Recap_Library\Recap_Library.csproj", "{BA4AD000-97DC-4617-A9D0-7FF5D023579E}"
EndProject
Global
	GlobalSection(SolutionConfigurationPlatforms) = preSolution
		Debug|Any CPU = Debug|Any CPU
		Release|Any CPU = Release|Any CPU
	EndGlobalSection
	GlobalSection(ProjectConfigurationPlatforms) = postSolution
		{05CABC15-E0E3-46A4-8441-22DAAA760C7A}.Debug|Any CPU.ActiveCfg = Debug|Any CPU
		{05CABC15-E0E3-46A4-8441-22DAAA760C7A}.Debug|Any CPU.Build.0 = Debug|Any CPU
		{05CABC15-E0E3-46A4-8441-22DAAA760C7A}.Release|Any CPU.ActiveCfg = Release|Any CPU
		{05CABC15-E0E3-46A4-8441-22DAAA760C7A}.Release|Any CPU.Build.0 = Release|Any CPU
		{BA4AD000-97DC-4617-A9D0-7FF5D023579E}.Debug|Any CPU.ActiveCfg = Debug|Any CPU
		{BA4AD000-97DC-4617-A9D0-7FF5D023579E}.Debug|Any CPU.Build.0 = Debug|Any CPU
		{BA4AD000-97DC-4617-A9D0-7FF5D023579E}.Release|Any CPU.ActiveCfg = Release|Any CPU
		{BA4AD000-97DC-4617-A9D0-7FF5D023579E}.Release|Any CPU.Build.0 = Release|Any CPU
	EndGlobalSection
	GlobalSection(SolutionProperties) = preSolution
		HideSolutionNode = FALSE
	EndGlobalSection
	GlobalSection(ExtensibilityGlobals) = postSolution
		SolutionGuid = {646B3B1E-A823-440E-A33A-EE2B69F630D2}
	EndGlobalSection
EndGlobal
