
Microsoft Visual Studio Solution File, Format Version 12.00
# Visual Studio Version 17
VisualStudioVersion = 17.5.33502.453
MinimumVisualStudioVersion = 10.0.40219.1
Project("{9A19103F-16F7-4668-BE54-9A1E7A4F7556}") = "Operators", "Operators\Operators.csproj", "{F0A8277F-A7A6-4A6B-A2AF-D27ED015FF3C}"
EndProject
Project("{9A19103F-16F7-4668-BE54-9A1E7A4F7556}") = "BooleanOperators", "BooleanOperators\BooleanOperators.csproj", "{FE6046BF-EBD8-4B4D-A9C7-07E87C3BACC7}"
EndProject
Project("{9A19103F-16F7-4668-BE54-9A1E7A4F7556}") = "Exercise1.0", "Exercise\Exercise1.0.csproj", "{42B3D426-E548-4A38-B2E7-14BA8A9BA041}"
EndProject
Project("{9A19103F-16F7-4668-BE54-9A1E7A4F7556}") = "Exercise1.1", "Exercise1.1\Exercise1.1.csproj", "{B9ECE560-A3A8-46E0-AEF7-F89018DE68DD}"
EndProject
Project("{9A19103F-16F7-4668-BE54-9A1E7A4F7556}") = "Exercise1.2", "Excercise1.2\Exercise1.2.csproj", "{9132C4B2-8273-4074-B0C4-218A095B1410}"
EndProject
Project("{9A19103F-16F7-4668-BE54-9A1E7A4F7556}") = "BitwiseAndShiftOperators", "BitwiseAndShiftOperators\BitwiseAndShiftOperators.csproj", "{BF26095F-A74B-42EF-938C-949E5A966C55}"
EndProject
Project("{9A19103F-16F7-4668-BE54-9A1E7A4F7556}") = "SelectionStatements", "SelectionStatements\SelectionStatements.csproj", "{74CEEE80-0DD6-4865-AD5B-F404136F511C}"
EndProject
Project("{9A19103F-16F7-4668-BE54-9A1E7A4F7556}") = "IterationStatements", "IterationStatements\IterationStatements.csproj", "{F50BE980-474C-4C19-AF2A-9F87262C3264}"
EndProject
Project("{FAE04EC0-301F-11D3-BF4B-00C04F79EFBC}") = "Arrays", "Arrays\Arrays.csproj", "{E248EE4F-2495-40BC-A5BB-8F407F58A0CB}"
EndProject
Project("{FAE04EC0-301F-11D3-BF4B-00C04F79EFBC}") = "CastingConverting", "ConsoleApp1\CastingConverting.csproj", "{A1FCBE54-01BF-4B79-AEE6-2971760AE5AC}"
EndProject
Project("{FAE04EC0-301F-11D3-BF4B-00C04F79EFBC}") = "HandlingExceptions", "HandlingExceptions\HandlingExceptions.csproj", "{5FE4AD8F-DF70-46B8-980A-4982EA261EE0}"
EndProject
Global
	GlobalSection(SolutionConfigurationPlatforms) = preSolution
		Debug|Any CPU = Debug|Any CPU
		Release|Any CPU = Release|Any CPU
	EndGlobalSection
	GlobalSection(ProjectConfigurationPlatforms) = postSolution
		{F0A8277F-A7A6-4A6B-A2AF-D27ED015FF3C}.Debug|Any CPU.ActiveCfg = Debug|Any CPU
		{F0A8277F-A7A6-4A6B-A2AF-D27ED015FF3C}.Debug|Any CPU.Build.0 = Debug|Any CPU
		{F0A8277F-A7A6-4A6B-A2AF-D27ED015FF3C}.Release|Any CPU.ActiveCfg = Release|Any CPU
		{F0A8277F-A7A6-4A6B-A2AF-D27ED015FF3C}.Release|Any CPU.Build.0 = Release|Any CPU
		{FE6046BF-EBD8-4B4D-A9C7-07E87C3BACC7}.Debug|Any CPU.ActiveCfg = Debug|Any CPU
		{FE6046BF-EBD8-4B4D-A9C7-07E87C3BACC7}.Debug|Any CPU.Build.0 = Debug|Any CPU
		{FE6046BF-EBD8-4B4D-A9C7-07E87C3BACC7}.Release|Any CPU.ActiveCfg = Release|Any CPU
		{FE6046BF-EBD8-4B4D-A9C7-07E87C3BACC7}.Release|Any CPU.Build.0 = Release|Any CPU
		{42B3D426-E548-4A38-B2E7-14BA8A9BA041}.Debug|Any CPU.ActiveCfg = Debug|Any CPU
		{42B3D426-E548-4A38-B2E7-14BA8A9BA041}.Debug|Any CPU.Build.0 = Debug|Any CPU
		{42B3D426-E548-4A38-B2E7-14BA8A9BA041}.Release|Any CPU.ActiveCfg = Release|Any CPU
		{42B3D426-E548-4A38-B2E7-14BA8A9BA041}.Release|Any CPU.Build.0 = Release|Any CPU
		{B9ECE560-A3A8-46E0-AEF7-F89018DE68DD}.Debug|Any CPU.ActiveCfg = Debug|Any CPU
		{B9ECE560-A3A8-46E0-AEF7-F89018DE68DD}.Debug|Any CPU.Build.0 = Debug|Any CPU
		{B9ECE560-A3A8-46E0-AEF7-F89018DE68DD}.Release|Any CPU.ActiveCfg = Release|Any CPU
		{B9ECE560-A3A8-46E0-AEF7-F89018DE68DD}.Release|Any CPU.Build.0 = Release|Any CPU
		{9132C4B2-8273-4074-B0C4-218A095B1410}.Debug|Any CPU.ActiveCfg = Debug|Any CPU
		{9132C4B2-8273-4074-B0C4-218A095B1410}.Debug|Any CPU.Build.0 = Debug|Any CPU
		{9132C4B2-8273-4074-B0C4-218A095B1410}.Release|Any CPU.ActiveCfg = Release|Any CPU
		{9132C4B2-8273-4074-B0C4-218A095B1410}.Release|Any CPU.Build.0 = Release|Any CPU
		{BF26095F-A74B-42EF-938C-949E5A966C55}.Debug|Any CPU.ActiveCfg = Debug|Any CPU
		{BF26095F-A74B-42EF-938C-949E5A966C55}.Debug|Any CPU.Build.0 = Debug|Any CPU
		{BF26095F-A74B-42EF-938C-949E5A966C55}.Release|Any CPU.ActiveCfg = Release|Any CPU
		{BF26095F-A74B-42EF-938C-949E5A966C55}.Release|Any CPU.Build.0 = Release|Any CPU
		{74CEEE80-0DD6-4865-AD5B-F404136F511C}.Debug|Any CPU.ActiveCfg = Debug|Any CPU
		{74CEEE80-0DD6-4865-AD5B-F404136F511C}.Debug|Any CPU.Build.0 = Debug|Any CPU
		{74CEEE80-0DD6-4865-AD5B-F404136F511C}.Release|Any CPU.ActiveCfg = Release|Any CPU
		{74CEEE80-0DD6-4865-AD5B-F404136F511C}.Release|Any CPU.Build.0 = Release|Any CPU
		{F50BE980-474C-4C19-AF2A-9F87262C3264}.Debug|Any CPU.ActiveCfg = Debug|Any CPU
		{F50BE980-474C-4C19-AF2A-9F87262C3264}.Debug|Any CPU.Build.0 = Debug|Any CPU
		{F50BE980-474C-4C19-AF2A-9F87262C3264}.Release|Any CPU.ActiveCfg = Release|Any CPU
		{F50BE980-474C-4C19-AF2A-9F87262C3264}.Release|Any CPU.Build.0 = Release|Any CPU
		{E248EE4F-2495-40BC-A5BB-8F407F58A0CB}.Debug|Any CPU.ActiveCfg = Debug|Any CPU
		{E248EE4F-2495-40BC-A5BB-8F407F58A0CB}.Debug|Any CPU.Build.0 = Debug|Any CPU
		{E248EE4F-2495-40BC-A5BB-8F407F58A0CB}.Release|Any CPU.ActiveCfg = Release|Any CPU
		{E248EE4F-2495-40BC-A5BB-8F407F58A0CB}.Release|Any CPU.Build.0 = Release|Any CPU
		{A1FCBE54-01BF-4B79-AEE6-2971760AE5AC}.Debug|Any CPU.ActiveCfg = Debug|Any CPU
		{A1FCBE54-01BF-4B79-AEE6-2971760AE5AC}.Debug|Any CPU.Build.0 = Debug|Any CPU
		{A1FCBE54-01BF-4B79-AEE6-2971760AE5AC}.Release|Any CPU.ActiveCfg = Release|Any CPU
		{A1FCBE54-01BF-4B79-AEE6-2971760AE5AC}.Release|Any CPU.Build.0 = Release|Any CPU
		{5FE4AD8F-DF70-46B8-980A-4982EA261EE0}.Debug|Any CPU.ActiveCfg = Debug|Any CPU
		{5FE4AD8F-DF70-46B8-980A-4982EA261EE0}.Debug|Any CPU.Build.0 = Debug|Any CPU
		{5FE4AD8F-DF70-46B8-980A-4982EA261EE0}.Release|Any CPU.ActiveCfg = Release|Any CPU
		{5FE4AD8F-DF70-46B8-980A-4982EA261EE0}.Release|Any CPU.Build.0 = Release|Any CPU
	EndGlobalSection
	GlobalSection(SolutionProperties) = preSolution
		HideSolutionNode = FALSE
	EndGlobalSection
	GlobalSection(ExtensibilityGlobals) = postSolution
		SolutionGuid = {E1582D5B-4429-49DA-A6E5-6989F7DFC679}
	EndGlobalSection
EndGlobal
