
Microsoft Visual Studio Solution File, Format Version 12.00
# Visual Studio Version 17
VisualStudioVersion = 17.5.33502.453
MinimumVisualStudioVersion = 10.0.40219.1
Project("{9A19103F-16F7-4668-BE54-9A1E7A4F7556}") = "Saturday-25-03", "Saturday-25.03\Saturday-25-03.csproj", "{9DEB8B18-9362-49CD-B6CB-85F29DB5A933}"
EndProject
Project("{9A19103F-16F7-4668-BE54-9A1E7A4F7556}") = "Saturday-01-04", "Saturday-01.04\Saturday-01-04.csproj", "{76B587CB-DDBB-41F0-92EB-29523C3C87EE}"
EndProject
Project("{9A19103F-16F7-4668-BE54-9A1E7A4F7556}") = "Saturday-08-04", "Saturday-08.04\Saturday-08-04.csproj", "{0E884564-4E0D-4B3E-B27A-936AD27F6E6E}"
EndProject
Project("{9A19103F-16F7-4668-BE54-9A1E7A4F7556}") = "Saturday-22-04", "Saturday-22.04\Saturday-22-04.csproj", "{E1B8B87D-A0BE-4317-8F12-85585E6FD4FB}"
EndProject
Project("{9A19103F-16F7-4668-BE54-9A1E7A4F7556}") = "Saturday-29-04", "Saturday-29.04\Saturday-29-04.csproj", "{D9DD5BA9-332A-45B8-84AD-1FD9266DEA01}"
EndProject
Project("{9A19103F-16F7-4668-BE54-9A1E7A4F7556}") = "Saturday-06-05", "Saturday-06-05\Saturday-06-05.csproj", "{B488520E-65AE-48F2-8195-62843CBBEA5C}"
EndProject
Project("{9A19103F-16F7-4668-BE54-9A1E7A4F7556}") = "Saturday-13-05", "Saturday-13-05\Saturday-13-05.csproj", "{A150FD3D-DBDB-4CAE-9062-DCF69B50EF94}"
EndProject
Project("{FAE04EC0-301F-11D3-BF4B-00C04F79EFBC}") = "20-05-2023-WindowsForms", "20-05-2023\20-05-2023-WindowsForms.csproj", "{2B75DB33-B21C-494C-B230-4D381DBCE488}"
EndProject
Project("{FAE04EC0-301F-11D3-BF4B-00C04F79EFBC}") = "Saturday-20-05", "Saturday-20-05\Saturday-20-05.csproj", "{C896F4B7-141E-4EC4-80A0-9A2EF38DD617}"
EndProject
Global
	GlobalSection(SolutionConfigurationPlatforms) = preSolution
		Debug|Any CPU = Debug|Any CPU
		Release|Any CPU = Release|Any CPU
	EndGlobalSection
	GlobalSection(ProjectConfigurationPlatforms) = postSolution
		{9DEB8B18-9362-49CD-B6CB-85F29DB5A933}.Debug|Any CPU.ActiveCfg = Debug|Any CPU
		{9DEB8B18-9362-49CD-B6CB-85F29DB5A933}.Debug|Any CPU.Build.0 = Debug|Any CPU
		{9DEB8B18-9362-49CD-B6CB-85F29DB5A933}.Release|Any CPU.ActiveCfg = Release|Any CPU
		{9DEB8B18-9362-49CD-B6CB-85F29DB5A933}.Release|Any CPU.Build.0 = Release|Any CPU
		{76B587CB-DDBB-41F0-92EB-29523C3C87EE}.Debug|Any CPU.ActiveCfg = Debug|Any CPU
		{76B587CB-DDBB-41F0-92EB-29523C3C87EE}.Debug|Any CPU.Build.0 = Debug|Any CPU
		{76B587CB-DDBB-41F0-92EB-29523C3C87EE}.Release|Any CPU.ActiveCfg = Release|Any CPU
		{76B587CB-DDBB-41F0-92EB-29523C3C87EE}.Release|Any CPU.Build.0 = Release|Any CPU
		{0E884564-4E0D-4B3E-B27A-936AD27F6E6E}.Debug|Any CPU.ActiveCfg = Debug|Any CPU
		{0E884564-4E0D-4B3E-B27A-936AD27F6E6E}.Debug|Any CPU.Build.0 = Debug|Any CPU
		{0E884564-4E0D-4B3E-B27A-936AD27F6E6E}.Release|Any CPU.ActiveCfg = Release|Any CPU
		{0E884564-4E0D-4B3E-B27A-936AD27F6E6E}.Release|Any CPU.Build.0 = Release|Any CPU
		{E1B8B87D-A0BE-4317-8F12-85585E6FD4FB}.Debug|Any CPU.ActiveCfg = Debug|Any CPU
		{E1B8B87D-A0BE-4317-8F12-85585E6FD4FB}.Debug|Any CPU.Build.0 = Debug|Any CPU
		{E1B8B87D-A0BE-4317-8F12-85585E6FD4FB}.Release|Any CPU.ActiveCfg = Release|Any CPU
		{E1B8B87D-A0BE-4317-8F12-85585E6FD4FB}.Release|Any CPU.Build.0 = Release|Any CPU
		{D9DD5BA9-332A-45B8-84AD-1FD9266DEA01}.Debug|Any CPU.ActiveCfg = Debug|Any CPU
		{D9DD5BA9-332A-45B8-84AD-1FD9266DEA01}.Debug|Any CPU.Build.0 = Debug|Any CPU
		{D9DD5BA9-332A-45B8-84AD-1FD9266DEA01}.Release|Any CPU.ActiveCfg = Release|Any CPU
		{D9DD5BA9-332A-45B8-84AD-1FD9266DEA01}.Release|Any CPU.Build.0 = Release|Any CPU
		{B488520E-65AE-48F2-8195-62843CBBEA5C}.Debug|Any CPU.ActiveCfg = Debug|Any CPU
		{B488520E-65AE-48F2-8195-62843CBBEA5C}.Debug|Any CPU.Build.0 = Debug|Any CPU
		{B488520E-65AE-48F2-8195-62843CBBEA5C}.Release|Any CPU.ActiveCfg = Release|Any CPU
		{B488520E-65AE-48F2-8195-62843CBBEA5C}.Release|Any CPU.Build.0 = Release|Any CPU
		{A150FD3D-DBDB-4CAE-9062-DCF69B50EF94}.Debug|Any CPU.ActiveCfg = Debug|Any CPU
		{A150FD3D-DBDB-4CAE-9062-DCF69B50EF94}.Debug|Any CPU.Build.0 = Debug|Any CPU
		{A150FD3D-DBDB-4CAE-9062-DCF69B50EF94}.Release|Any CPU.ActiveCfg = Release|Any CPU
		{A150FD3D-DBDB-4CAE-9062-DCF69B50EF94}.Release|Any CPU.Build.0 = Release|Any CPU
		{2B75DB33-B21C-494C-B230-4D381DBCE488}.Debug|Any CPU.ActiveCfg = Debug|Any CPU
		{2B75DB33-B21C-494C-B230-4D381DBCE488}.Debug|Any CPU.Build.0 = Debug|Any CPU
		{2B75DB33-B21C-494C-B230-4D381DBCE488}.Release|Any CPU.ActiveCfg = Release|Any CPU
		{2B75DB33-B21C-494C-B230-4D381DBCE488}.Release|Any CPU.Build.0 = Release|Any CPU
		{C896F4B7-141E-4EC4-80A0-9A2EF38DD617}.Debug|Any CPU.ActiveCfg = Debug|Any CPU
		{C896F4B7-141E-4EC4-80A0-9A2EF38DD617}.Debug|Any CPU.Build.0 = Debug|Any CPU
		{C896F4B7-141E-4EC4-80A0-9A2EF38DD617}.Release|Any CPU.ActiveCfg = Release|Any CPU
		{C896F4B7-141E-4EC4-80A0-9A2EF38DD617}.Release|Any CPU.Build.0 = Release|Any CPU
	EndGlobalSection
	GlobalSection(SolutionProperties) = preSolution
		HideSolutionNode = FALSE
	EndGlobalSection
	GlobalSection(ExtensibilityGlobals) = postSolution
		SolutionGuid = {867DC74E-1328-4096-8031-D62E443EBAC6}
	EndGlobalSection
EndGlobal
