
Microsoft Visual Studio Solution File, Format Version 12.00
# Visual Studio Version 17
VisualStudioVersion = 17.6.33723.286
MinimumVisualStudioVersion = 10.0.40219.1
Project("{FAE04EC0-301F-11D3-BF4B-00C04F79EFBC}") = "EntityFrameworkRelations", "EntityFrameworkRelations\EntityFrameworkRelations.csproj", "{ED8F9971-CAB9-44F0-B91D-E62B0D3401A2}"
EndProject
Project("{FAE04EC0-301F-11D3-BF4B-00C04F79EFBC}") = "ScaffoldingProject", "ScaffoldingProject\ScaffoldingProject.csproj", "{60DD941B-9E72-4BDB-A01F-D1DC2098BD6C}"
EndProject
Global
	GlobalSection(SolutionConfigurationPlatforms) = preSolution
		Debug|Any CPU = Debug|Any CPU
		Release|Any CPU = Release|Any CPU
	EndGlobalSection
	GlobalSection(ProjectConfigurationPlatforms) = postSolution
		{ED8F9971-CAB9-44F0-B91D-E62B0D3401A2}.Debug|Any CPU.ActiveCfg = Debug|Any CPU
		{ED8F9971-CAB9-44F0-B91D-E62B0D3401A2}.Debug|Any CPU.Build.0 = Debug|Any CPU
		{ED8F9971-CAB9-44F0-B91D-E62B0D3401A2}.Release|Any CPU.ActiveCfg = Release|Any CPU
		{ED8F9971-CAB9-44F0-B91D-E62B0D3401A2}.Release|Any CPU.Build.0 = Release|Any CPU
		{60DD941B-9E72-4BDB-A01F-D1DC2098BD6C}.Debug|Any CPU.ActiveCfg = Debug|Any CPU
		{60DD941B-9E72-4BDB-A01F-D1DC2098BD6C}.Debug|Any CPU.Build.0 = Debug|Any CPU
		{60DD941B-9E72-4BDB-A01F-D1DC2098BD6C}.Release|Any CPU.ActiveCfg = Release|Any CPU
		{60DD941B-9E72-4BDB-A01F-D1DC2098BD6C}.Release|Any CPU.Build.0 = Release|Any CPU
	EndGlobalSection
	GlobalSection(SolutionProperties) = preSolution
		HideSolutionNode = FALSE
	EndGlobalSection
	GlobalSection(ExtensibilityGlobals) = postSolution
		SolutionGuid = {D86B1DE4-D319-4777-9EF3-E46976D71C86}
	EndGlobalSection
EndGlobal
